<?xml version="1.0" encoding="utf-8"?>
<Project ToolsVersion="4.0" xmlns="http://schemas.microsoft.com/developer/msbuild/2003">
  <ItemGroup>
    <Filter Include="Source Files">
      <UniqueIdentifier>{64bed835-70a3-4780-817a-37550f9beafe}</UniqueIdentifier>
      <Extensions>cpp</Extensions>
    </Filter>
    <Filter Include="Header Files">
      <UniqueIdentifier>{bfe6b5ec-94ca-4771-b4ae-6d29a8e62dc6}</UniqueIdentifier>
      <Extensions>h</Extensions>
    </Filter>
    <Filter Include="Resource Files">
      <UniqueIdentifier>{f483e665-b347-4776-8c97-9c8eae695c22}</UniqueIdentifier>
      <Extensions>ico;cur;bmp;dlg;rc2;rct;bin;rgs;gif;jpg;jpeg;jpe</Extensions>
    </Filter>
    <Filter Include="Header Files\Game">
      <UniqueIdentifier>{70bf311d-f27f-450d-825b-7860b10e9162}</UniqueIdentifier>
    </Filter>
    <Filter Include="Source Files\Patcher">
      <UniqueIdentifier>{dada0e2a-5921-4e12-9666-80fe63db0206}</UniqueIdentifier>
    </Filter>
    <Filter Include="Header Files\Patcher headers">
      <UniqueIdentifier>{33282aa2-c9b2-450e-b526-69fc2c52008d}</UniqueIdentifier>
    </Filter>
  </ItemGroup>
  <ItemGroup>
    <ClInclude Include="Game\Game.h">
      <Filter>Header Files\Game</Filter>
    </ClInclude>
    <ClInclude Include="Game\PlayerSettings.h">
      <Filter>Header Files\Game</Filter>
    </ClInclude>
    <ClInclude Include="StdH.h">
      <Filter>Header Files</Filter>
    </ClInclude>
    <ClInclude Include="Core.h">
      <Filter>Header Files</Filter>
    </ClInclude>
    <ClInclude Include="Patcher\patcher.h">
      <Filter>Header Files\Patcher headers</Filter>
    </ClInclude>
    <ClInclude Include="Patcher\patcher_defines.h">
      <Filter>Header Files\Patcher headers</Filter>
    </ClInclude>
  </ItemGroup>
  <ItemGroup>
    <ClCompile Include="StdH.cpp">
      <Filter>Source Files</Filter>
    </ClCompile>
    <ClCompile Include="Patcher\patcher.cpp">
      <Filter>Source Files\Patcher</Filter>
    </ClCompile>
  </ItemGroup>
</Project>